
Microsoft Visual Studio Solution File, Format Version 12.00
# Visual Studio Version 16
VisualStudioVersion = 16.0.31205.134
MinimumVisualStudioVersion = 10.0.40219.1
Project("{9A19103F-16F7-4668-BE54-9A1E7A4F7556}") = "TennisApp", "TennisApp.csproj", "{CDCFC29D-0C8B-46CC-B007-3AAB1E70DBEB}"
EndProject
Project("{FAE04EC0-301F-11D3-BF4B-00C04F79EFBC}") = "TestProject1", "..\TestProject1\TestProject1.csproj", "{45BC7769-AB9F-40F8-9765-C6E76C7DBE98}"
EndProject
Global
	GlobalSection(SolutionConfigurationPlatforms) = preSolution
		Debug|Any CPU = Debug|Any CPU
		Release|Any CPU = Release|Any CPU
	EndGlobalSection
	GlobalSection(ProjectConfigurationPlatforms) = postSolution
		{CDCFC29D-0C8B-46CC-B007-3AAB1E70DBEB}.Debug|Any CPU.ActiveCfg = Debug|Any CPU
		{CDCFC29D-0C8B-46CC-B007-3AAB1E70DBEB}.Debug|Any CPU.Build.0 = Debug|Any CPU
		{CDCFC29D-0C8B-46CC-B007-3AAB1E70DBEB}.Release|Any CPU.ActiveCfg = Release|Any CPU
		{CDCFC29D-0C8B-46CC-B007-3AAB1E70DBEB}.Release|Any CPU.Build.0 = Release|Any CPU
		{45BC7769-AB9F-40F8-9765-C6E76C7DBE98}.Debug|Any CPU.ActiveCfg = Debug|Any CPU
		{45BC7769-AB9F-40F8-9765-C6E76C7DBE98}.Debug|Any CPU.Build.0 = Debug|Any CPU
		{45BC7769-AB9F-40F8-9765-C6E76C7DBE98}.Release|Any CPU.ActiveCfg = Release|Any CPU
		{45BC7769-AB9F-40F8-9765-C6E76C7DBE98}.Release|Any CPU.Build.0 = Release|Any CPU
	EndGlobalSection
	GlobalSection(SolutionProperties) = preSolution
		HideSolutionNode = FALSE
	EndGlobalSection
	GlobalSection(ExtensibilityGlobals) = postSolution
		SolutionGuid = {C75DF7FF-F205-40A1-A70B-7DD25B57BB76}
	EndGlobalSection
EndGlobal
